Microsoft Visual Studio Solution File, Format Version 12.00
# Visual Studio Version 17
VisualStudioVersion = 17.0.31903.59
MinimumVisualStudioVersion = 10.0.40219.1
Project("{FAE04EC0-301F-11D3-BF4B-00C04F79EFBC}") = "CabinReservation.Api", "src\CabinReservation.Api\CabinReservation.Api.csproj", "{6931D8A4-C14F-49F3-99AE-00A1B7860989}"
EndProject
Project("{FAE04EC0-301F-11D3-BF4B-00C04F79EFBC}") = "CabinReservation.Integration", "src\CabinReservation.Integration\CabinReservation.Integration.csproj", "{FDFE492C-C0CC-49F0-A5F6-DCE70F132300}"
EndProject
Project("{FAE04EC0-301F-11D3-BF4B-00C04F79EFBC}") = "CabinReservation.HermesMcp", "src\CabinReservation.HermesMcp\CabinReservation.HermesMcp.csproj", "{22EFB772-F1BB-4A45-812B-E06425C8EB3A}"
EndProject
Project("{FAE04EC0-301F-11D3-BF4B-00C04F79EFBC}") = "CabinReservation.Messaging", "src\CabinReservation.Messaging\CabinReservation.Messaging.csproj", "{E9BD07D1-6955-40CC-84BF-78832FA94DCA}"
EndProject
Project("{FAE04EC0-301F-11D3-BF4B-00C04F79EFBC}") = "CabinReservation.Voice", "src\CabinReservation.Voice\CabinReservation.Voice.csproj", "{F9019F18-F160-4753-9266-2208043A4F1F}"
EndProject
Project("{FAE04EC0-301F-11D3-BF4B-00C04F79EFBC}") = "CabinReservation.EmailIntake", "src\CabinReservation.EmailIntake\CabinReservation.EmailIntake.csproj", "{48449268-9D4F-4E87-B521-F7BA7C8DB50E}"
EndProject
Project("{FAE04EC0-301F-11D3-BF4B-00C04F79EFBC}") = "CabinReservation.Admin", "src\CabinReservation.Admin\CabinReservation.Admin.csproj", "{D3589573-0796-4905-A737-92FC68D37CE7}"
EndProject
Project("{FAE04EC0-301F-11D3-BF4B-00C04F79EFBC}") = "CabinReservation.AzureInfrastructure", "src\CabinReservation.AzureInfrastructure\CabinReservation.AzureInfrastructure.csproj", "{AA27609E-2D9B-4134-B990-024A4DF8DEAF}"
EndProject
Project("{FAE04EC0-301F-11D3-BF4B-00C04F79EFBC}") = "CabinReservation.Api.Tests", "tests\CabinReservation.Api.Tests\CabinReservation.Api.Tests.csproj", "{4ADB8800-5149-4487-A60B-F9741CD9299E}"
EndProject
Project("{FAE04EC0-301F-11D3-BF4B-00C04F79EFBC}") = "CabinReservation.Persistence", "src\CabinReservation.Persistence\CabinReservation.Persistence.csproj", "{9011A49A-F7F3-332E-26B5-180E4DEA2F11}"
EndProject
Global
	GlobalSection(SolutionConfigurationPlatforms) = preSolution
		Debug|Any CPU = Debug|Any CPU
		Release|Any CPU = Release|Any CPU
	EndGlobalSection
	GlobalSection(ProjectConfigurationPlatforms) = postSolution
		{6931D8A4-C14F-49F3-99AE-00A1B7860989}.Debug|Any CPU.ActiveCfg = Debug|Any CPU
		{6931D8A4-C14F-49F3-99AE-00A1B7860989}.Debug|Any CPU.Build.0 = Debug|Any CPU
		{6931D8A4-C14F-49F3-99AE-00A1B7860989}.Release|Any CPU.ActiveCfg = Release|Any CPU
		{6931D8A4-C14F-49F3-99AE-00A1B7860989}.Release|Any CPU.Build.0 = Release|Any CPU
		{FDFE492C-C0CC-49F0-A5F6-DCE70F132300}.Debug|Any CPU.ActiveCfg = Debug|Any CPU
		{FDFE492C-C0CC-49F0-A5F6-DCE70F132300}.Debug|Any CPU.Build.0 = Debug|Any CPU
		{FDFE492C-C0CC-49F0-A5F6-DCE70F132300}.Release|Any CPU.ActiveCfg = Release|Any CPU
		{FDFE492C-C0CC-49F0-A5F6-DCE70F132300}.Release|Any CPU.Build.0 = Release|Any CPU
		{22EFB772-F1BB-4A45-812B-E06425C8EB3A}.Debug|Any CPU.ActiveCfg = Debug|Any CPU
		{22EFB772-F1BB-4A45-812B-E06425C8EB3A}.Debug|Any CPU.Build.0 = Debug|Any CPU
		{22EFB772-F1BB-4A45-812B-E06425C8EB3A}.Release|Any CPU.ActiveCfg = Release|Any CPU
		{22EFB772-F1BB-4A45-812B-E06425C8EB3A}.Release|Any CPU.Build.0 = Release|Any CPU
		{E9BD07D1-6955-40CC-84BF-78832FA94DCA}.Debug|Any CPU.ActiveCfg = Debug|Any CPU
		{E9BD07D1-6955-40CC-84BF-78832FA94DCA}.Debug|Any CPU.Build.0 = Debug|Any CPU
		{E9BD07D1-6955-40CC-84BF-78832FA94DCA}.Release|Any CPU.ActiveCfg = Release|Any CPU
		{E9BD07D1-6955-40CC-84BF-78832FA94DCA}.Release|Any CPU.Build.0 = Release|Any CPU
		{F9019F18-F160-4753-9266-2208043A4F1F}.Debug|Any CPU.ActiveCfg = Debug|Any CPU
		{F9019F18-F160-4753-9266-2208043A4F1F}.Debug|Any CPU.Build.0 = Debug|Any CPU
		{F9019F18-F160-4753-9266-2208043A4F1F}.Release|Any CPU.ActiveCfg = Release|Any CPU
		{F9019F18-F160-4753-9266-2208043A4F1F}.Release|Any CPU.Build.0 = Release|Any CPU
		{48449268-9D4F-4E87-B521-F7BA7C8DB50E}.Debug|Any CPU.ActiveCfg = Debug|Any CPU
		{48449268-9D4F-4E87-B521-F7BA7C8DB50E}.Debug|Any CPU.Build.0 = Debug|Any CPU
		{48449268-9D4F-4E87-B521-F7BA7C8DB50E}.Release|Any CPU.ActiveCfg = Release|Any CPU
		{48449268-9D4F-4E87-B521-F7BA7C8DB50E}.Release|Any CPU.Build.0 = Release|Any CPU
		{D3589573-0796-4905-A737-92FC68D37CE7}.Debug|Any CPU.ActiveCfg = Debug|Any CPU
		{D3589573-0796-4905-A737-92FC68D37CE7}.Debug|Any CPU.Build.0 = Debug|Any CPU
		{D3589573-0796-4905-A737-92FC68D37CE7}.Release|Any CPU.ActiveCfg = Release|Any CPU
		{D3589573-0796-4905-A737-92FC68D37CE7}.Release|Any CPU.Build.0 = Release|Any CPU
		{AA27609E-2D9B-4134-B990-024A4DF8DEAF}.Debug|Any CPU.ActiveCfg = Debug|Any CPU
		{AA27609E-2D9B-4134-B990-024A4DF8DEAF}.Debug|Any CPU.Build.0 = Debug|Any CPU
		{AA27609E-2D9B-4134-B990-024A4DF8DEAF}.Release|Any CPU.ActiveCfg = Release|Any CPU
		{AA27609E-2D9B-4134-B990-024A4DF8DEAF}.Release|Any CPU.Build.0 = Release|Any CPU
		{4ADB8800-5149-4487-A60B-F9741CD9299E}.Debug|Any CPU.ActiveCfg = Debug|Any CPU
		{4ADB8800-5149-4487-A60B-F9741CD9299E}.Debug|Any CPU.Build.0 = Debug|Any CPU
		{4ADB8800-5149-4487-A60B-F9741CD9299E}.Release|Any CPU.ActiveCfg = Release|Any CPU
		{4ADB8800-5149-4487-A60B-F9741CD9299E}.Release|Any CPU.Build.0 = Release|Any CPU
		{9011A49A-F7F3-332E-26B5-180E4DEA2F11}.Debug|Any CPU.ActiveCfg = Debug|Any CPU
		{9011A49A-F7F3-332E-26B5-180E4DEA2F11}.Debug|Any CPU.Build.0 = Debug|Any CPU
		{9011A49A-F7F3-332E-26B5-180E4DEA2F11}.Release|Any CPU.ActiveCfg = Release|Any CPU
		{9011A49A-F7F3-332E-26B5-180E4DEA2F11}.Release|Any CPU.Build.0 = Release|Any CPU
	EndGlobalSection
	GlobalSection(SolutionProperties) = preSolution
		HideSolutionNode = FALSE
	EndGlobalSection
	GlobalSection(ExtensibilityGlobals) = postSolution
		SolutionGuid = {17ADBCFF-C2A5-4AB8-9F60-BBB231E78133}
	EndGlobalSection
EndGlobal
